
Microsoft Visual Studio Solution File, Format Version 12.00
# Visual Studio Version 17
VisualStudioVersion = 17.11.35312.102
MinimumVisualStudioVersion = 10.0.40219.1
Project("{888888A0-9F3D-457C-B088-3A5042F75D52}") = "modul_10_2", "modul_10_2.pyproj", "{C3604504-71AC-4A68-9116-6AE0BB27A5B2}"
EndProject
Global
	GlobalSection(SolutionConfigurationPlatforms) = preSolution
		Debug|Any CPU = Debug|Any CPU
		Release|Any CPU = Release|Any CPU
	EndGlobalSection
	GlobalSection(ProjectConfigurationPlatforms) = postSolution
		{C3604504-71AC-4A68-9116-6AE0BB27A5B2}.Debug|Any CPU.ActiveCfg = Debug|Any CPU
		{C3604504-71AC-4A68-9116-6AE0BB27A5B2}.Release|Any CPU.ActiveCfg = Release|Any CPU
	EndGlobalSection
	GlobalSection(SolutionProperties) = preSolution
		HideSolutionNode = FALSE
	EndGlobalSection
	GlobalSection(ExtensibilityGlobals) = postSolution
		SolutionGuid = {D1C54267-7341-4DD3-AE55-3870CBC75CE9}
	EndGlobalSection
EndGlobal
